
Microsoft Visual Studio Solution File, Format Version 12.00
# Visual Studio 15
VisualStudioVersion = 15.0.26403.7
MinimumVisualStudioVersion = 10.0.40219.1
Project("{FAE04EC0-301F-11D3-BF4B-00C04F79EFBC}") = "TetmsAndDefinitionTest", "TetmsAndDefinitionTest\TetmsAndDefinitionTest.csproj", "{1BB823C0-B3AA-4D42-B818-326DB7530426}"
EndProject
Project("{FAE04EC0-301F-11D3-BF4B-00C04F79EFBC}") = "TetmsAndDefinitionTest.Tests", "TetmsAndDefinitionTest.Tests\TetmsAndDefinitionTest.Tests.csproj", "{F4A1D84D-F879-4CD9-B50C-12D87DBB9097}"
EndProject
Global
	GlobalSection(SolutionConfigurationPlatforms) = preSolution
		Debug|Any CPU = Debug|Any CPU
		Release|Any CPU = Release|Any CPU
	EndGlobalSection
	GlobalSection(ProjectConfigurationPlatforms) = postSolution
		{1BB823C0-B3AA-4D42-B818-326DB7530426}.Debug|Any CPU.ActiveCfg = Debug|Any CPU
		{1BB823C0-B3AA-4D42-B818-326DB7530426}.Debug|Any CPU.Build.0 = Debug|Any CPU
		{1BB823C0-B3AA-4D42-B818-326DB7530426}.Release|Any CPU.ActiveCfg = Release|Any CPU
		{1BB823C0-B3AA-4D42-B818-326DB7530426}.Release|Any CPU.Build.0 = Release|Any CPU
		{F4A1D84D-F879-4CD9-B50C-12D87DBB9097}.Debug|Any CPU.ActiveCfg = Debug|Any CPU
		{F4A1D84D-F879-4CD9-B50C-12D87DBB9097}.Debug|Any CPU.Build.0 = Debug|Any CPU
		{F4A1D84D-F879-4CD9-B50C-12D87DBB9097}.Release|Any CPU.ActiveCfg = Release|Any CPU
		{F4A1D84D-F879-4CD9-B50C-12D87DBB9097}.Release|Any CPU.Build.0 = Release|Any CPU
	EndGlobalSection
	GlobalSection(SolutionProperties) = preSolution
		HideSolutionNode = FALSE
	EndGlobalSection
EndGlobal
